
Microsoft Visual Studio Solution File, Format Version 12.00
# Visual Studio Version 17
VisualStudioVersion = 17.10.35027.167
MinimumVisualStudioVersion = 10.0.40219.1
Project("{FAE04EC0-301F-11D3-BF4B-00C04F79EFBC}") = "Synapxe.FhirWebApi4", "Synapxe.FhirWebApi4\Synapxe.FhirWebApi4.csproj", "{9EB76B0F-80DD-4BDE-93F0-6E84CA33866B}"
EndProject
Project("{FAE04EC0-301F-11D3-BF4B-00C04F79EFBC}") = "Synapxe.FhirWebApi4.IntegrationTests", "Synapxe.FhirWebApi4.IntegrationTests\Synapxe.FhirWebApi4.IntegrationTests.csproj", "{A02D9D59-EAE0-403F-8D94-E3D4D90BC7FE}"
EndProject
Project("{FAE04EC0-301F-11D3-BF4B-00C04F79EFBC}") = "Synapxe.FhirWebApi4.Model", "Synapxe.FhirWebApi4.Model\Synapxe.FhirWebApi4.Model.csproj", "{D99E5115-02CD-4CB8-B5D2-AC399350317F}"
EndProject
Global
	GlobalSection(SolutionConfigurationPlatforms) = preSolution
		Debug|Any CPU = Debug|Any CPU
		Release|Any CPU = Release|Any CPU
	EndGlobalSection
	GlobalSection(ProjectConfigurationPlatforms) = postSolution
		{9EB76B0F-80DD-4BDE-93F0-6E84CA33866B}.Debug|Any CPU.ActiveCfg = Debug|Any CPU
		{9EB76B0F-80DD-4BDE-93F0-6E84CA33866B}.Debug|Any CPU.Build.0 = Debug|Any CPU
		{9EB76B0F-80DD-4BDE-93F0-6E84CA33866B}.Release|Any CPU.ActiveCfg = Release|Any CPU
		{9EB76B0F-80DD-4BDE-93F0-6E84CA33866B}.Release|Any CPU.Build.0 = Release|Any CPU
		{A02D9D59-EAE0-403F-8D94-E3D4D90BC7FE}.Debug|Any CPU.ActiveCfg = Debug|Any CPU
		{A02D9D59-EAE0-403F-8D94-E3D4D90BC7FE}.Debug|Any CPU.Build.0 = Debug|Any CPU
		{A02D9D59-EAE0-403F-8D94-E3D4D90BC7FE}.Release|Any CPU.ActiveCfg = Release|Any CPU
		{A02D9D59-EAE0-403F-8D94-E3D4D90BC7FE}.Release|Any CPU.Build.0 = Release|Any CPU
		{D99E5115-02CD-4CB8-B5D2-AC399350317F}.Debug|Any CPU.ActiveCfg = Debug|Any CPU
		{D99E5115-02CD-4CB8-B5D2-AC399350317F}.Debug|Any CPU.Build.0 = Debug|Any CPU
		{D99E5115-02CD-4CB8-B5D2-AC399350317F}.Release|Any CPU.ActiveCfg = Release|Any CPU
		{D99E5115-02CD-4CB8-B5D2-AC399350317F}.Release|Any CPU.Build.0 = Release|Any CPU
	EndGlobalSection
	GlobalSection(SolutionProperties) = preSolution
		HideSolutionNode = FALSE
	EndGlobalSection
	GlobalSection(ExtensibilityGlobals) = postSolution
		SolutionGuid = {2BD7E4CD-BC0E-4796-B722-B34DDA4A2CFF}
	EndGlobalSection
EndGlobal
